
Microsoft Visual Studio Solution File, Format Version 12.00
# Visual Studio 14
VisualStudioVersion = 14.0.23107.0
MinimumVisualStudioVersion = 10.0.40219.1
Project("{FAE04EC0-301F-11D3-BF4B-00C04F79EFBC}") = "2048", "2048\2048.csproj", "{CCFF264F-DFBA-4465-BBD1-C79358E39B5C}"
EndProject
Project("{FAE04EC0-301F-11D3-BF4B-00C04F79EFBC}") = "2048Tests", "2048Tests\2048Tests.csproj", "{E37725F1-D8C0-4BD2-B052-C198AD92A376}"
EndProject
Global
	GlobalSection(SolutionConfigurationPlatforms) = preSolution
		Debug|Any CPU = Debug|Any CPU
		Release|Any CPU = Release|Any CPU
	EndGlobalSection
	GlobalSection(ProjectConfigurationPlatforms) = postSolution
		{CCFF264F-DFBA-4465-BBD1-C79358E39B5C}.Debug|Any CPU.ActiveCfg = Debug|Any CPU
		{CCFF264F-DFBA-4465-BBD1-C79358E39B5C}.Debug|Any CPU.Build.0 = Debug|Any CPU
		{CCFF264F-DFBA-4465-BBD1-C79358E39B5C}.Release|Any CPU.ActiveCfg = Release|Any CPU
		{CCFF264F-DFBA-4465-BBD1-C79358E39B5C}.Release|Any CPU.Build.0 = Release|Any CPU
		{E37725F1-D8C0-4BD2-B052-C198AD92A376}.Debug|Any CPU.ActiveCfg = Debug|Any CPU
		{E37725F1-D8C0-4BD2-B052-C198AD92A376}.Debug|Any CPU.Build.0 = Debug|Any CPU
		{E37725F1-D8C0-4BD2-B052-C198AD92A376}.Release|Any CPU.ActiveCfg = Release|Any CPU
		{E37725F1-D8C0-4BD2-B052-C198AD92A376}.Release|Any CPU.Build.0 = Release|Any CPU
	EndGlobalSection
	GlobalSection(SolutionProperties) = preSolution
		HideSolutionNode = FALSE
	EndGlobalSection
EndGlobal
